
Microsoft Visual Studio Solution File, Format Version 12.00
# Visual Studio 14
VisualStudioVersion = 14.0.25420.1
MinimumVisualStudioVersion = 10.0.40219.1
Project("{FAE04EC0-301F-11D3-BF4B-00C04F79EFBC}") = "SFA.DAS.ProviderApprenticeshipsService.Application", "SFA.DAS.ProviderApprenticeshipsService.Application\SFA.DAS.ProviderApprenticeshipsService.Application.csproj", "{849E452B-2B68-445A-980C-995311311AF0}"
EndProject
Project("{FAE04EC0-301F-11D3-BF4B-00C04F79EFBC}") = "SFA.DAS.ProviderApprenticeshipsService.Domain", "SFA.DAS.ProviderApprenticeshipsService.Domain\SFA.DAS.ProviderApprenticeshipsService.Domain.csproj", "{B3484618-78A0-411E-BC02-AC84C8694C3D}"
EndProject
Project("{FAE04EC0-301F-11D3-BF4B-00C04F79EFBC}") = "SFA.DAS.ProviderApprenticeshipsService.Infrastructure", "SFA.DAS.ProviderApprenticeshipsService.Infrastructure\SFA.DAS.ProviderApprenticeshipsService.Infrastructure.csproj", "{380868C8-FA69-4DA7-B054-45AC924EC48E}"
EndProject
Project("{FAE04EC0-301F-11D3-BF4B-00C04F79EFBC}") = "SFA.DAS.ProviderApprenticeshipsService.Web", "SFA.DAS.ProviderApprenticeshipsService.Web\SFA.DAS.ProviderApprenticeshipsService.Web.csproj", "{94E473E1-2217-43C3-A228-00B8BE2BE0F1}"
EndProject
Project("{CC5FD16D-436D-48AD-A40C-5A424C6E3E79}") = "SFA.DAS.CloudService", "SFA.DAS.CloudService\SFA.DAS.CloudService.ccproj", "{DBE17740-1C0B-487B-9D0A-E3A691409F4D}"
EndProject
Project("{2150E333-8FDC-42A3-9474-1A3956D46DE8}") = "Solution Items", "Solution Items", "{E8767EAF-3918-4289-BED9-5E369670043A}"
	ProjectSection(SolutionItems) = preProject
		Build.fsx = Build.fsx
		RunBuild.bat = RunBuild.bat
	EndProjectSection
EndProject
Project("{2150E333-8FDC-42A3-9474-1A3956D46DE8}") = "Tests", "Tests", "{C94BD4C5-3AA2-4748-9DEC-0F855D7A898C}"
EndProject
Project("{FAE04EC0-301F-11D3-BF4B-00C04F79EFBC}") = "SFA.DAS.ProviderApprenticeshipsService.Application.Tests", "SFA.DAS.ProviderApprenticeshipsService.Application.Tests\SFA.DAS.ProviderApprenticeshipsService.Application.Tests.csproj", "{C4528A1E-2F4B-4DA1-A1EE-CAC2F2DE3AF5}"
EndProject
Project("{FAE04EC0-301F-11D3-BF4B-00C04F79EFBC}") = "SFA.DAS.ProviderApprenticeshipsService.Web.Tests", "SFA.DAS.ProviderApprenticeshipsService.Web.Tests\SFA.DAS.ProviderApprenticeshipsService.Web.Tests.csproj", "{6A7B6642-3880-46B1-BF2D-17461D087331}"
EndProject
Global
	GlobalSection(SolutionConfigurationPlatforms) = preSolution
		Debug|Any CPU = Debug|Any CPU
		Release|Any CPU = Release|Any CPU
	EndGlobalSection
	GlobalSection(ProjectConfigurationPlatforms) = postSolution
		{849E452B-2B68-445A-980C-995311311AF0}.Debug|Any CPU.ActiveCfg = Debug|Any CPU
		{849E452B-2B68-445A-980C-995311311AF0}.Debug|Any CPU.Build.0 = Debug|Any CPU
		{849E452B-2B68-445A-980C-995311311AF0}.Release|Any CPU.ActiveCfg = Release|Any CPU
		{849E452B-2B68-445A-980C-995311311AF0}.Release|Any CPU.Build.0 = Release|Any CPU
		{B3484618-78A0-411E-BC02-AC84C8694C3D}.Debug|Any CPU.ActiveCfg = Debug|Any CPU
		{B3484618-78A0-411E-BC02-AC84C8694C3D}.Debug|Any CPU.Build.0 = Debug|Any CPU
		{B3484618-78A0-411E-BC02-AC84C8694C3D}.Release|Any CPU.ActiveCfg = Release|Any CPU
		{B3484618-78A0-411E-BC02-AC84C8694C3D}.Release|Any CPU.Build.0 = Release|Any CPU
		{380868C8-FA69-4DA7-B054-45AC924EC48E}.Debug|Any CPU.ActiveCfg = Debug|Any CPU
		{380868C8-FA69-4DA7-B054-45AC924EC48E}.Debug|Any CPU.Build.0 = Debug|Any CPU
		{380868C8-FA69-4DA7-B054-45AC924EC48E}.Release|Any CPU.ActiveCfg = Release|Any CPU
		{380868C8-FA69-4DA7-B054-45AC924EC48E}.Release|Any CPU.Build.0 = Release|Any CPU
		{94E473E1-2217-43C3-A228-00B8BE2BE0F1}.Debug|Any CPU.ActiveCfg = Debug|Any CPU
		{94E473E1-2217-43C3-A228-00B8BE2BE0F1}.Debug|Any CPU.Build.0 = Debug|Any CPU
		{94E473E1-2217-43C3-A228-00B8BE2BE0F1}.Release|Any CPU.ActiveCfg = Release|Any CPU
		{94E473E1-2217-43C3-A228-00B8BE2BE0F1}.Release|Any CPU.Build.0 = Release|Any CPU
		{DBE17740-1C0B-487B-9D0A-E3A691409F4D}.Debug|Any CPU.ActiveCfg = Debug|Any CPU
		{DBE17740-1C0B-487B-9D0A-E3A691409F4D}.Debug|Any CPU.Build.0 = Debug|Any CPU
		{DBE17740-1C0B-487B-9D0A-E3A691409F4D}.Release|Any CPU.ActiveCfg = Release|Any CPU
		{DBE17740-1C0B-487B-9D0A-E3A691409F4D}.Release|Any CPU.Build.0 = Release|Any CPU
		{C4528A1E-2F4B-4DA1-A1EE-CAC2F2DE3AF5}.Debug|Any CPU.ActiveCfg = Debug|Any CPU
		{C4528A1E-2F4B-4DA1-A1EE-CAC2F2DE3AF5}.Debug|Any CPU.Build.0 = Debug|Any CPU
		{C4528A1E-2F4B-4DA1-A1EE-CAC2F2DE3AF5}.Release|Any CPU.ActiveCfg = Release|Any CPU
		{C4528A1E-2F4B-4DA1-A1EE-CAC2F2DE3AF5}.Release|Any CPU.Build.0 = Release|Any CPU
		{6A7B6642-3880-46B1-BF2D-17461D087331}.Debug|Any CPU.ActiveCfg = Debug|Any CPU
		{6A7B6642-3880-46B1-BF2D-17461D087331}.Debug|Any CPU.Build.0 = Debug|Any CPU
		{6A7B6642-3880-46B1-BF2D-17461D087331}.Release|Any CPU.ActiveCfg = Release|Any CPU
		{6A7B6642-3880-46B1-BF2D-17461D087331}.Release|Any CPU.Build.0 = Release|Any CPU
	EndGlobalSection
	GlobalSection(SolutionProperties) = preSolution
		HideSolutionNode = FALSE
	EndGlobalSection
	GlobalSection(NestedProjects) = preSolution
		{C4528A1E-2F4B-4DA1-A1EE-CAC2F2DE3AF5} = {C94BD4C5-3AA2-4748-9DEC-0F855D7A898C}
		{6A7B6642-3880-46B1-BF2D-17461D087331} = {C94BD4C5-3AA2-4748-9DEC-0F855D7A898C}
	EndGlobalSection
EndGlobal
